// !$*UTF8*$!
{
	archiveVersion = 1;
	classes = {
	};
	objectVersion = 55;
	objects = {

/* Begin PBXBuildFile section */
		781CDD8C268281BE00223BD8 /* CalculatorXApp.swift in Sources */ = {isa = PBXBuildFile; fileRef = 781CDD8B268281BE00223BD8 /* CalculatorXApp.swift */; };
		781CDD90268281C000223BD8 /* Assets.xcassets in Resources */ = {isa = PBXBuildFile; fileRef = 781CDD8F268281C000223BD8 /* Assets.xcassets */; };
		781CDD93268281C000223BD8 /* Preview Assets.xcassets in Resources */ = {isa = PBXBuildFile; fileRef = 781CDD92268281C000223BD8 /* Preview Assets.xcassets */; };
		781CDDB72682829D00223BD8 /* CalculatorModel.swift in Sources */ = {isa = PBXBuildFile; fileRef = 781CDDB12682829D00223BD8 /* CalculatorModel.swift */; };
		781CDDB82682829D00223BD8 /* CalculatorBrain.swift in Sources */ = {isa = PBXBuildFile; fileRef = 781CDDB22682829D00223BD8 /* CalculatorBrain.swift */; };
		781CDDB92682829D00223BD8 /* CalculatorButtonItem.swift in Sources */ = {isa = PBXBuildFile; fileRef = 781CDDB32682829D00223BD8 /* CalculatorButtonItem.swift */; };
		781CDDBA2682829D00223BD8 /* CalculatorView.swift in Sources */ = {isa = PBXBuildFile; fileRef = 781CDDB42682829D00223BD8 /* CalculatorView.swift */; };
		781CDDBB2682829D00223BD8 /* HistoryView.swift in Sources */ = {isa = PBXBuildFile; fileRef = 781CDDB52682829D00223BD8 /* HistoryView.swift */; };
		781CDDBC2682829D00223BD8 /* CalculatorPanel.swift in Sources */ = {isa = PBXBuildFile; fileRef = 781CDDB62682829D00223BD8 /* CalculatorPanel.swift */; };
/* End PBXBuildFile section */

/* Begin PBXFileReference section */
		781CDD88268281BE00223BD8 /* CalculatorX.app */ = {isa = PBXFileReference; explicitFileType = wrapper.application; includeInIndex = 0; path = CalculatorX.app; sourceTree = BUILT_PRODUCTS_DIR; };
		781CDD8B268281BE00223BD8 /* CalculatorXApp.swift */ = {isa = PBXFileReference; lastKnownFileType = sourcecode.swift; path = CalculatorXApp.swift; sourceTree = "<group>"; };
		781CDD8F268281C000223BD8 /* Assets.xcassets */ = {isa = PBXFileReference; lastKnownFileType = folder.assetcatalog; path = Assets.xcassets; sourceTree = "<group>"; };
		781CDD92268281C000223BD8 /* Preview Assets.xcassets */ = {isa = PBXFileReference; lastKnownFileType = folder.assetcatalog; path = "Preview Assets.xcassets"; sourceTree = "<group>"; };
		781CDDB12682829D00223BD8 /* CalculatorModel.swift */ = {isa = PBXFileReference; fileEncoding = 4; lastKnownFileType = sourcecode.swift; path = CalculatorModel.swift; sourceTree = "<group>"; };
		781CDDB22682829D00223BD8 /* CalculatorBrain.swift */ = {isa = PBXFileReference; fileEncoding = 4; lastKnownFileType = sourcecode.swift; path = CalculatorBrain.swift; sourceTree = "<group>"; };
		781CDDB32682829D00223BD8 /* CalculatorButtonItem.swift */ = {isa = PBXFileReference; fileEncoding = 4; lastKnownFileType = sourcecode.swift; path = CalculatorButtonItem.swift; sourceTree = "<group>"; };
		781CDDB42682829D00223BD8 /* CalculatorView.swift */ = {isa = PBXFileReference; fileEncoding = 4; lastKnownFileType = sourcecode.swift; path = CalculatorView.swift; sourceTree = "<group>"; };
		781CDDB52682829D00223BD8 /* HistoryView.swift */ = {isa = PBXFileReference; fileEncoding = 4; lastKnownFileType = sourcecode.swift; path = HistoryView.swift; sourceTree = "<group>"; };
		781CDDB62682829D00223BD8 /* CalculatorPanel.swift */ = {isa = PBXFileReference; fileEncoding = 4; lastKnownFileType = sourcecode.swift; path = CalculatorPanel.swift; sourceTree = "<group>"; };
/* End PBXFileReference section */

/* Begin PBXFrameworksBuildPhase section */
		781CDD85268281BE00223BD8 /* Frameworks */ = {
			isa = PBXFrameworksBuildPhase;
			buildActionMask = 2147483647;
			files = (
			);
			runOnlyForDeploymentPostprocessing = 0;
		};
/* End PBXFrameworksBuildPhase section */

/* Begin PBXGroup section */
		781CDD7F268281BE00223BD8 = {
			isa = PBXGroup;
			children = (
				781CDD8A268281BE00223BD8 /* CalculatorX */,
				781CDD89268281BE00223BD8 /* Products */,
			);
			sourceTree = "<group>";
		};
		781CDD89268281BE00223BD8 /* Products */ = {
			isa = PBXGroup;
			children = (
				781CDD88268281BE00223BD8 /* CalculatorX.app */,
			);
			name = Products;
			sourceTree = "<group>";
		};
		781CDD8A268281BE00223BD8 /* CalculatorX */ = {
			isa = PBXGroup;
			children = (
				781CDD8B268281BE00223BD8 /* CalculatorXApp.swift */,
				781CDDBD2682837800223BD8 /* View */,
				781CDDB12682829D00223BD8 /* CalculatorModel.swift */,
				781CDDB22682829D00223BD8 /* CalculatorBrain.swift */,
				781CDDB32682829D00223BD8 /* CalculatorButtonItem.swift */,
				781CDD8F268281C000223BD8 /* Assets.xcassets */,
				781CDD91268281C000223BD8 /* Preview Content */,
			);
			path = CalculatorX;
			sourceTree = "<group>";
		};
		781CDD91268281C000223BD8 /* Preview Content */ = {
			isa = PBXGroup;
			children = (
				781CDD92268281C000223BD8 /* Preview Assets.xcassets */,
			);
			path = "Preview Content";
			sourceTree = "<group>";
		};
		781CDDBD2682837800223BD8 /* View */ = {
			isa = PBXGroup;
			children = (
				781CDDB42682829D00223BD8 /* CalculatorView.swift */,
				781CDDB62682829D00223BD8 /* CalculatorPanel.swift */,
				781CDDB52682829D00223BD8 /* HistoryView.swift */,
			);
			path = View;
			sourceTree = "<group>";
		};
/* End PBXGroup section */

/* Begin PBXNativeTarget section */
		781CDD87268281BE00223BD8 /* CalculatorX */ = {
			isa = PBXNativeTarget;
			buildConfigurationList = 781CDD96268281C000223BD8 /* Build configuration list for PBXNativeTarget "CalculatorX" */;
			buildPhases = (
				781CDD84268281BE00223BD8 /* Sources */,
				781CDD85268281BE00223BD8 /* Frameworks */,
				781CDD86268281BE00223BD8 /* Resources */,
			);
			buildRules = (
			);
			dependencies = (
			);
			name = CalculatorX;
			productName = CalculatorX;
			productReference = 781CDD88268281BE00223BD8 /* CalculatorX.app */;
			productType = "com.apple.product-type.application";
		};
/* End PBXNativeTarget section */

/* Begin PBXProject section */
		781CDD80268281BE00223BD8 /* Project object */ = {
			isa = PBXProject;
			attributes = {
				BuildIndependentTargetsInParallel = 1;
				LastSwiftUpdateCheck = 1300;
				LastUpgradeCheck = 1300;
				TargetAttributes = {
					781CDD87268281BE00223BD8 = {
						CreatedOnToolsVersion = 13.0;
					};
				};
			};
			buildConfigurationList = 781CDD83268281BE00223BD8 /* Build configuration list for PBXProject "CalculatorX" */;
			compatibilityVersion = "Xcode 13.0";
			developmentRegion = en;
			hasScannedForEncodings = 0;
			knownRegions = (
				en,
				Base,
			);
			mainGroup = 781CDD7F268281BE00223BD8;
			productRefGroup = 781CDD89268281BE00223BD8 /* Products */;
			projectDirPath = "";
			projectRoot = "";
			targets = (
				781CDD87268281BE00223BD8 /* CalculatorX */,
			);
		};
/* End PBXProject section */

/* Begin PBXResourcesBuildPhase section */
		781CDD86268281BE00223BD8 /* Resources */ = {
			isa = PBXResourcesBuildPhase;
			buildActionMask = 2147483647;
			files = (
				781CDD93268281C000223BD8 /* Preview Assets.xcassets in Resources */,
				781CDD90268281C000223BD8 /* Assets.xcassets in Resources */,
			);
			runOnlyForDeploymentPostprocessing = 0;
		};
/* End PBXResourcesBuildPhase section */

/* Begin PBXSourcesBuildPhase section */
		781CDD84268281BE00223BD8 /* Sources */ = {
			isa = PBXSourcesBuildPhase;
			buildActionMask = 2147483647;
			files = (
				781CDDBB2682829D00223BD8 /* HistoryView.swift in Sources */,
				781CDDB72682829D00223BD8 /* CalculatorModel.swift in Sources */,
				781CDDBC2682829D00223BD8 /* CalculatorPanel.swift in Sources */,
				781CDDB92682829D00223BD8 /* CalculatorButtonItem.swift in Sources */,
				781CDDB82682829D00223BD8 /* CalculatorBrain.swift in Sources */,
				781CDDBA2682829D00223BD8 /* CalculatorView.swift in Sources */,
				781CDD8C268281BE00223BD8 /* CalculatorXApp.swift in Sources */,
			);
			runOnlyForDeploymentPostprocessing = 0;
		};
/* End PBXSourcesBuildPhase section */

/* Begin XCBuildConfiguration section */
		781CDD94268281C000223BD8 /* Debug */ = {
			isa = XCBuildConfiguration;
			buildSettings = {
				ALWAYS_SEARCH_USER_PATHS = NO;
				CLANG_ANALYZER_NONNULL = YES;
				CLANG_ANALYZER_NUMBER_OBJECT_CONVERSION = YES_AGGRESSIVE;
				CLANG_CXX_LANGUAGE_STANDARD = "gnu++14";
				CLANG_CXX_LIBRARY = "libc++";
				CLANG_ENABLE_MODULES = YES;
				CLANG_ENABLE_OBJC_ARC = YES;
				CLANG_ENABLE_OBJC_WEAK = YES;
				CLANG_WARN_BLOCK_CAPTURE_AUTORELEASING = YES;
				CLANG_WARN_BOOL_CONVERSION = YES;
				CLANG_WARN_COMMA = YES;
				CLANG_WARN_CONSTANT_CONVERSION = YES;
				CLANG_WARN_DEPRECATED_OBJC_IMPLEMENTATIONS = YES;
				CLANG_WARN_DIRECT_OBJC_ISA_USAGE = YES_ERROR;
				CLANG_WARN_DOCUMENTATION_COMMENTS = YES;
				CLANG_WARN_EMPTY_BODY = YES;
				CLANG_WARN_ENUM_CONVERSION = YES;
				CLANG_WARN_INFINITE_RECURSION = YES;
				CLANG_WARN_INT_CONVERSION = YES;
				CLANG_WARN_NON_LITERAL_NULL_CONVERSION = YES;
				CLANG_WARN_OBJC_IMPLICIT_RETAIN_SELF = YES;
				CLANG_WARN_OBJC_LITERAL_CONVERSION = YES;
				CLANG_WARN_OBJC_ROOT_CLASS = YES_ERROR;
				CLANG_WARN_QUOTED_INCLUDE_IN_FRAMEWORK_HEADER = YES;
				CLANG_WARN_RANGE_LOOP_ANALYSIS = YES;
				CLANG_WARN_STRICT_PROTOTYPES = YES;
				CLANG_WARN_SUSPICIOUS_MOVE = YES;
				CLANG_WARN_UNGUARDED_AVAILABILITY = YES_AGGRESSIVE;
				CLANG_WARN_UNREACHABLE_CODE = YES;
				CLANG_WARN__DUPLICATE_METHOD_MATCH = YES;
				COPY_PHASE_STRIP = NO;
				DEBUG_INFORMATION_FORMAT = dwarf;
				ENABLE_STRICT_OBJC_MSGSEND = YES;
				ENABLE_TESTABILITY = YES;
				GCC_C_LANGUAGE_STANDARD = gnu11;
				GCC_DYNAMIC_NO_PIC = NO;
				GCC_NO_COMMON_BLOCKS = YES;
				GCC_OPTIMIZATION_LEVEL = 0;
				GCC_PREPROCESSOR_DEFINITIONS = (
					"DEBUG=1",
					"$(inherited)",
				);
				GCC_WARN_64_TO_32_BIT_CONVERSION = YES;
				GCC_WARN_ABOUT_RETURN_TYPE = YES_ERROR;
				GCC_WARN_UNDECLARED_SELECTOR = YES;
				GCC_WARN_UNINITIALIZED_AUTOS = YES_AGGRESSIVE;
				GCC_WARN_UNUSED_FUNCTION = YES;
				GCC_WARN_UNUSED_VARIABLE = YES;
				IPHONEOS_DEPLOYMENT_TARGET = 15.0;
				MTL_ENABLE_DEBUG_INFO = INCLUDE_SOURCE;
				MTL_FAST_MATH = YES;
				ONLY_ACTIVE_ARCH = YES;
				SDKROOT = iphoneos;
				SWIFT_ACTIVE_COMPILATION_CONDITIONS = DEBUG;
				SWIFT_OPTIMIZATION_LEVEL = "-Onone";
			};
			name = Debug;
		};
		781CDD95268281C000223BD8 /* Release */ = {
			isa = XCBuildConfiguration;
			buildSettings = {
				ALWAYS_SEARCH_USER_PATHS = NO;
				CLANG_ANALYZER_NONNULL = YES;
				CLANG_ANALYZER_NUMBER_OBJECT_CONVERSION = YES_AGGRESSIVE;
				CLANG_CXX_LANGUAGE_STANDARD = "gnu++14";
				CLANG_CXX_LIBRARY = "libc++";
				CLANG_ENABLE_MODULES = YES;
				CLANG_ENABLE_OBJC_ARC = YES;
				CLANG_ENABLE_OBJC_WEAK = YES;
				CLANG_WARN_BLOCK_CAPTURE_AUTORELEASING = YES;
				CLANG_WARN_BOOL_CONVERSION = YES;
				CLANG_WARN_COMMA = YES;
				CLANG_WARN_CONSTANT_CONVERSION = YES;
				CLANG_WARN_DEPRECATED_OBJC_IMPLEMENTATIONS = YES;
				CLANG_WARN_DIRECT_OBJC_ISA_USAGE = YES_ERROR;
				CLANG_WARN_DOCUMENTATION_COMMENTS = YES;
				CLANG_WARN_EMPTY_BODY = YES;
				CLANG_WARN_ENUM_CONVERSION = YES;
				CLANG_WARN_INFINITE_RECURSION = YES;
				CLANG_WARN_INT_CONVERSION = YES;
				CLANG_WARN_NON_LITERAL_NULL_CONVERSION = YES;
				CLANG_WARN_OBJC_IMPLICIT_RETAIN_SELF = YES;
				CLANG_WARN_OBJC_LITERAL_CONVERSION = YES;
				CLANG_WARN_OBJC_ROOT_CLASS = YES_ERROR;
				CLANG_WARN_QUOTED_INCLUDE_IN_FRAMEWORK_HEADER = YES;
				CLANG_WARN_RANGE_LOOP_ANALYSIS = YES;
				CLANG_WARN_STRICT_PROTOTYPES = YES;
				CLANG_WARN_SUSPICIOUS_MOVE = YES;
				CLANG_WARN_UNGUARDED_AVAILABILITY = YES_AGGRESSIVE;
				CLANG_WARN_UNREACHABLE_CODE = YES;
				CLANG_WARN__DUPLICATE_METHOD_MATCH = YES;
				COPY_PHASE_STRIP = NO;
				DEBUG_INFORMATION_FORMAT = "dwarf-with-dsym";
				ENABLE_NS_ASSERTIONS = NO;
				ENABLE_STRICT_OBJC_MSGSEND = YES;
				GCC_C_LANGUAGE_STANDARD = gnu11;
				GCC_NO_COMMON_BLOCKS = YES;
				GCC_WARN_64_TO_32_BIT_CONVERSION = YES;
				GCC_WARN_ABOUT_RETURN_TYPE = YES_ERROR;
				GCC_WARN_UNDECLARED_SELECTOR = YES;
				GCC_WARN_UNINITIALIZED_AUTOS = YES_AGGRESSIVE;
				GCC_WARN_UNUSED_FUNCTION = YES;
				GCC_WARN_UNUSED_VARIABLE = YES;
				IPHONEOS_DEPLOYMENT_TARGET = 15.0;
				MTL_ENABLE_DEBUG_INFO = NO;
				MTL_FAST_MATH = YES;
				SDKROOT = iphoneos;
				SWIFT_COMPILATION_MODE = wholemodule;
				SWIFT_OPTIMIZATION_LEVEL = "-O";
				VALIDATE_PRODUCT = YES;
			};
			name = Release;
		};
		781CDD97268281C000223BD8 /* Debug */ = {
			isa = XCBuildConfiguration;
			buildSettings = {
				ASSETCATALOG_COMPILER_APPICON_NAME = AppIcon;
				ASSETCATALOG_COMPILER_GLOBAL_ACCENT_COLOR_NAME = AccentColor;
				CODE_SIGN_STYLE = Automatic;
				CURRENT_PROJECT_VERSION = 1;
				DEVELOPMENT_ASSET_PATHS = "\"CalculatorX/Preview Content\"";
				DEVELOPMENT_TEAM = 55R9TVKX59;
				ENABLE_PREVIEWS = YES;
				GENERATE_INFOPLIST_FILE = YES;
				INFOPLIST_KEY_UIApplicationSceneManifest_Generation = YES;
				INFOPLIST_KEY_UIApplicationSupportsIndirectInputEvents = YES;
				INFOPLIST_KEY_UILaunchScreen_Generation = YES;
				INFOPLIST_KEY_UISupportedInterfaceOrientations_iPad = "UIInterfaceOrientationPortrait UIInterfaceOrientationPortraitUpsideDown UIInterfaceOrientationLandscapeLeft UIInterfaceOrientationLandscapeRight";
				INFOPLIST_KEY_UISupportedInterfaceOrientations_iPhone = "UIInterfaceOrientationPortrait UIInterfaceOrientationLandscapeLeft UIInterfaceOrientationLandscapeRight";
				IPHONEOS_DEPLOYMENT_TARGET = 14.0;
				LD_RUNPATH_SEARCH_PATHS = (
					"$(inherited)",
					"@executable_path/Frameworks",
				);
				MARKETING_VERSION = 1.0;
				PRODUCT_BUNDLE_IDENTIFIER = com.zijievv.CalculatorX;
				PRODUCT_NAME = "$(TARGET_NAME)";
				SWIFT_EMIT_LOC_STRINGS = YES;
				SWIFT_VERSION = 5.0;
				TARGETED_DEVICE_FAMILY = "1,2";
			};
			name = Debug;
		};
		781CDD98268281C000223BD8 /* Release */ = {
			isa = XCBuildConfiguration;
			buildSettings = {
				ASSETCATALOG_COMPILER_APPICON_NAME = AppIcon;
				ASSETCATALOG_COMPILER_GLOBAL_ACCENT_COLOR_NAME = AccentColor;
				CODE_SIGN_STYLE = Automatic;
				CURRENT_PROJECT_VERSION = 1;
				DEVELOPMENT_ASSET_PATHS = "\"CalculatorX/Preview Content\"";
				DEVELOPMENT_TEAM = 55R9TVKX59;
				ENABLE_PREVIEWS = YES;
				GENERATE_INFOPLIST_FILE = YES;
				INFOPLIST_KEY_UIApplicationSceneManifest_Generation = YES;
				INFOPLIST_KEY_UIApplicationSupportsIndirectInputEvents = YES;
				INFOPLIST_KEY_UILaunchScreen_Generation = YES;
				INFOPLIST_KEY_UISupportedInterfaceOrientations_iPad = "UIInterfaceOrientationPortrait UIInterfaceOrientationPortraitUpsideDown UIInterfaceOrientationLandscapeLeft UIInterfaceOrientationLandscapeRight";
				INFOPLIST_KEY_UISupportedInterfaceOrientations_iPhone = "UIInterfaceOrientationPortrait UIInterfaceOrientationLandscapeLeft UIInterfaceOrientationLandscapeRight";
				IPHONEOS_DEPLOYMENT_TARGET = 14.0;
				LD_RUNPATH_SEARCH_PATHS = (
					"$(inherited)",
					"@executable_path/Frameworks",
				);
				MARKETING_VERSION = 1.0;
				PRODUCT_BUNDLE_IDENTIFIER = com.zijievv.CalculatorX;
				PRODUCT_NAME = "$(TARGET_NAME)";
				SWIFT_EMIT_LOC_STRINGS = YES;
				SWIFT_VERSION = 5.0;
				TARGETED_DEVICE_FAMILY = "1,2";
			};
			name = Release;
		};
/* End XCBuildConfiguration section */

/* Begin XCConfigurationList section */
		781CDD83268281BE00223BD8 /* Build configuration list for PBXProject "CalculatorX" */ = {
			isa = XCConfigurationList;
			buildConfigurations = (
				781CDD94268281C000223BD8 /* Debug */,
				781CDD95268281C000223BD8 /* Release */,
			);
			defaultConfigurationIsVisible = 0;
			defaultConfigurationName = Release;
		};
		781CDD96268281C000223BD8 /* Build configuration list for PBXNativeTarget "CalculatorX" */ = {
			isa = XCConfigurationList;
			buildConfigurations = (
				781CDD97268281C000223BD8 /* Debug */,
				781CDD98268281C000223BD8 /* Release */,
			);
			defaultConfigurationIsVisible = 0;
			defaultConfigurationName = Release;
		};
/* End XCConfigurationList section */
	};
	rootObject = 781CDD80268281BE00223BD8 /* Project object */;
}
